
Microsoft Visual Studio Solution File, Format Version 12.00
# Visual Studio Version 17
Project("{8BC9CEB8-8B4A-11D0-8D11-00A0C91BC942}") = "ALL_BUILD", "ALL_BUILD.vcxproj", "{AD109C3C-C7A3-3CE1-A4D9-F06992B0881E}"
	ProjectSection(ProjectDependencies) = postProject
		{A12B839D-967C-3272-81CA-87101E9DEFE2} = {A12B839D-967C-3272-81CA-87101E9DEFE2}
		{99D162F5-53F5-39CC-AAE0-A80772D1DE19} = {99D162F5-53F5-39CC-AAE0-A80772D1DE19}
		{361D1D10-2F11-32F4-9088-2AA0A4167B46} = {361D1D10-2F11-32F4-9088-2AA0A4167B46}
		{DBED18FF-5326-3B50-9078-4A4B67C80C45} = {DBED18FF-5326-3B50-9078-4A4B67C80C45}
		{1BEC94AC-42F7-3DFA-9FB0-EF44E11E6BA2} = {1BEC94AC-42F7-3DFA-9FB0-EF44E11E6BA2}
		{906287E9-6392-3B72-9D93-A31EB6C4CDEF} = {906287E9-6392-3B72-9D93-A31EB6C4CDEF}
	EndProjectSection
EndProject
Project("{8BC9CEB8-8B4A-11D0-8D11-00A0C91BC942}") = "INSTALL", "INSTALL.vcxproj", "{C5461E65-91BD-3C52-8A38-177359566310}"
	ProjectSection(ProjectDependencies) = postProject
		{AD109C3C-C7A3-3CE1-A4D9-F06992B0881E} = {AD109C3C-C7A3-3CE1-A4D9-F06992B0881E}
		{A12B839D-967C-3272-81CA-87101E9DEFE2} = {A12B839D-967C-3272-81CA-87101E9DEFE2}
	EndProjectSection
EndProject
Project("{8BC9CEB8-8B4A-11D0-8D11-00A0C91BC942}") = "RUN_TESTS", "RUN_TESTS.vcxproj", "{CA67F1C8-3845-312C-8FDA-F2BB44D93F1B}"
	ProjectSection(ProjectDependencies) = postProject
		{A12B839D-967C-3272-81CA-87101E9DEFE2} = {A12B839D-967C-3272-81CA-87101E9DEFE2}
	EndProjectSection
EndProject
Project("{8BC9CEB8-8B4A-11D0-8D11-00A0C91BC942}") = "ZERO_CHECK", "ZERO_CHECK.vcxproj", "{A12B839D-967C-3272-81CA-87101E9DEFE2}"
	ProjectSection(ProjectDependencies) = postProject
	EndProjectSection
EndProject
Project("{8BC9CEB8-8B4A-11D0-8D11-00A0C91BC942}") = "arrow", "src\arrow\arrow.vcxproj", "{57AB42B6-6855-35AF-8B0D-803FAA021A48}"
	ProjectSection(ProjectDependencies) = postProject
		{A12B839D-967C-3272-81CA-87101E9DEFE2} = {A12B839D-967C-3272-81CA-87101E9DEFE2}
		{361D1D10-2F11-32F4-9088-2AA0A4167B46} = {361D1D10-2F11-32F4-9088-2AA0A4167B46}
	EndProjectSection
EndProject
Project("{8BC9CEB8-8B4A-11D0-8D11-00A0C91BC942}") = "arrow-all", "src\arrow\arrow-all.vcxproj", "{924916E5-B1AF-395C-809C-4D069C00E96F}"
	ProjectSection(ProjectDependencies) = postProject
		{A12B839D-967C-3272-81CA-87101E9DEFE2} = {A12B839D-967C-3272-81CA-87101E9DEFE2}
		{57AB42B6-6855-35AF-8B0D-803FAA021A48} = {57AB42B6-6855-35AF-8B0D-803FAA021A48}
		{A0EB8A94-3B15-3EE2-B631-9F52A3919615} = {A0EB8A94-3B15-3EE2-B631-9F52A3919615}
		{320185CD-BDC0-3DCA-AC84-CBF9A12885F1} = {320185CD-BDC0-3DCA-AC84-CBF9A12885F1}
		{B200C311-20AF-3844-8748-350E2ED20F1D} = {B200C311-20AF-3844-8748-350E2ED20F1D}
	EndProjectSection
EndProject
Project("{8BC9CEB8-8B4A-11D0-8D11-00A0C91BC942}") = "arrow-benchmarks", "src\arrow\arrow-benchmarks.vcxproj", "{A0EB8A94-3B15-3EE2-B631-9F52A3919615}"
	ProjectSection(ProjectDependencies) = postProject
		{A12B839D-967C-3272-81CA-87101E9DEFE2} = {A12B839D-967C-3272-81CA-87101E9DEFE2}
	EndProjectSection
EndProject
Project("{8BC9CEB8-8B4A-11D0-8D11-00A0C91BC942}") = "arrow-integration", "src\arrow\arrow-integration.vcxproj", "{320185CD-BDC0-3DCA-AC84-CBF9A12885F1}"
	ProjectSection(ProjectDependencies) = postProject
		{A12B839D-967C-3272-81CA-87101E9DEFE2} = {A12B839D-967C-3272-81CA-87101E9DEFE2}
	EndProjectSection
EndProject
Project("{8BC9CEB8-8B4A-11D0-8D11-00A0C91BC942}") = "arrow-tests", "src\arrow\arrow-tests.vcxproj", "{B200C311-20AF-3844-8748-350E2ED20F1D}"
	ProjectSection(ProjectDependencies) = postProject
		{A12B839D-967C-3272-81CA-87101E9DEFE2} = {A12B839D-967C-3272-81CA-87101E9DEFE2}
	EndProjectSection
EndProject
Project("{8BC9CEB8-8B4A-11D0-8D11-00A0C91BC942}") = "arrow_benchmark_dependencies", "arrow_benchmark_dependencies.vcxproj", "{2618041B-4980-39C7-B1FF-D6AE7B35DC06}"
	ProjectSection(ProjectDependencies) = postProject
		{A12B839D-967C-3272-81CA-87101E9DEFE2} = {A12B839D-967C-3272-81CA-87101E9DEFE2}
	EndProjectSection
EndProject
Project("{8BC9CEB8-8B4A-11D0-8D11-00A0C91BC942}") = "arrow_bundled_dependencies_merge", "src\arrow\arrow_bundled_dependencies_merge.vcxproj", "{99D162F5-53F5-39CC-AAE0-A80772D1DE19}"
	ProjectSection(ProjectDependencies) = postProject
		{A12B839D-967C-3272-81CA-87101E9DEFE2} = {A12B839D-967C-3272-81CA-87101E9DEFE2}
		{1BEC94AC-42F7-3DFA-9FB0-EF44E11E6BA2} = {1BEC94AC-42F7-3DFA-9FB0-EF44E11E6BA2}
	EndProjectSection
EndProject
Project("{8BC9CEB8-8B4A-11D0-8D11-00A0C91BC942}") = "arrow_dependencies", "arrow_dependencies.vcxproj", "{92DBB49D-EB35-317D-BF12-EEF49216EAB2}"
	ProjectSection(ProjectDependencies) = postProject
		{A12B839D-967C-3272-81CA-87101E9DEFE2} = {A12B839D-967C-3272-81CA-87101E9DEFE2}
		{DBED18FF-5326-3B50-9078-4A4B67C80C45} = {DBED18FF-5326-3B50-9078-4A4B67C80C45}
		{1BEC94AC-42F7-3DFA-9FB0-EF44E11E6BA2} = {1BEC94AC-42F7-3DFA-9FB0-EF44E11E6BA2}
		{EBF1CA8C-C953-3808-89FF-073CE85BC488} = {EBF1CA8C-C953-3808-89FF-073CE85BC488}
	EndProjectSection
EndProject
Project("{8BC9CEB8-8B4A-11D0-8D11-00A0C91BC942}") = "arrow_static", "src\arrow\arrow_static.vcxproj", "{361D1D10-2F11-32F4-9088-2AA0A4167B46}"
	ProjectSection(ProjectDependencies) = postProject
		{A12B839D-967C-3272-81CA-87101E9DEFE2} = {A12B839D-967C-3272-81CA-87101E9DEFE2}
		{92DBB49D-EB35-317D-BF12-EEF49216EAB2} = {92DBB49D-EB35-317D-BF12-EEF49216EAB2}
		{DBED18FF-5326-3B50-9078-4A4B67C80C45} = {DBED18FF-5326-3B50-9078-4A4B67C80C45}
		{1BEC94AC-42F7-3DFA-9FB0-EF44E11E6BA2} = {1BEC94AC-42F7-3DFA-9FB0-EF44E11E6BA2}
	EndProjectSection
EndProject
Project("{8BC9CEB8-8B4A-11D0-8D11-00A0C91BC942}") = "arrow_test_dependencies", "arrow_test_dependencies.vcxproj", "{553BC03E-6741-339A-9130-A67137D104BB}"
	ProjectSection(ProjectDependencies) = postProject
		{A12B839D-967C-3272-81CA-87101E9DEFE2} = {A12B839D-967C-3272-81CA-87101E9DEFE2}
		{A251AF0F-1582-3ACC-B786-FE849FBF2DFC} = {A251AF0F-1582-3ACC-B786-FE849FBF2DFC}
	EndProjectSection
EndProject
Project("{8BC9CEB8-8B4A-11D0-8D11-00A0C91BC942}") = "boost_ep", "boost_ep.vcxproj", "{DBED18FF-5326-3B50-9078-4A4B67C80C45}"
	ProjectSection(ProjectDependencies) = postProject
		{A12B839D-967C-3272-81CA-87101E9DEFE2} = {A12B839D-967C-3272-81CA-87101E9DEFE2}
	EndProjectSection
EndProject
Project("{8BC9CEB8-8B4A-11D0-8D11-00A0C91BC942}") = "lint", "lint.vcxproj", "{B7E4348E-1D5C-3829-A693-32CE96C9A008}"
	ProjectSection(ProjectDependencies) = postProject
		{A12B839D-967C-3272-81CA-87101E9DEFE2} = {A12B839D-967C-3272-81CA-87101E9DEFE2}
	EndProjectSection
EndProject
Project("{8BC9CEB8-8B4A-11D0-8D11-00A0C91BC942}") = "lint_cpp_cli", "lint_cpp_cli.vcxproj", "{36FC5397-F7D9-3276-8545-861A28143542}"
	ProjectSection(ProjectDependencies) = postProject
		{A12B839D-967C-3272-81CA-87101E9DEFE2} = {A12B839D-967C-3272-81CA-87101E9DEFE2}
	EndProjectSection
EndProject
Project("{8BC9CEB8-8B4A-11D0-8D11-00A0C91BC942}") = "mimalloc_ep", "mimalloc_ep.vcxproj", "{1BEC94AC-42F7-3DFA-9FB0-EF44E11E6BA2}"
	ProjectSection(ProjectDependencies) = postProject
		{A12B839D-967C-3272-81CA-87101E9DEFE2} = {A12B839D-967C-3272-81CA-87101E9DEFE2}
	EndProjectSection
EndProject
Project("{8BC9CEB8-8B4A-11D0-8D11-00A0C91BC942}") = "rapidjson", "rapidjson.vcxproj", "{86B88AA9-724B-359B-86F2-01755D651BB7}"
	ProjectSection(ProjectDependencies) = postProject
		{A12B839D-967C-3272-81CA-87101E9DEFE2} = {A12B839D-967C-3272-81CA-87101E9DEFE2}
	EndProjectSection
EndProject
Project("{8BC9CEB8-8B4A-11D0-8D11-00A0C91BC942}") = "toolchain", "toolchain.vcxproj", "{EBF1CA8C-C953-3808-89FF-073CE85BC488}"
	ProjectSection(ProjectDependencies) = postProject
		{A12B839D-967C-3272-81CA-87101E9DEFE2} = {A12B839D-967C-3272-81CA-87101E9DEFE2}
		{DBED18FF-5326-3B50-9078-4A4B67C80C45} = {DBED18FF-5326-3B50-9078-4A4B67C80C45}
		{1BEC94AC-42F7-3DFA-9FB0-EF44E11E6BA2} = {1BEC94AC-42F7-3DFA-9FB0-EF44E11E6BA2}
		{906287E9-6392-3B72-9D93-A31EB6C4CDEF} = {906287E9-6392-3B72-9D93-A31EB6C4CDEF}
	EndProjectSection
EndProject
Project("{8BC9CEB8-8B4A-11D0-8D11-00A0C91BC942}") = "toolchain-benchmarks", "toolchain-benchmarks.vcxproj", "{B724F025-DFA7-3B72-BB6A-B07E2AE3C534}"
	ProjectSection(ProjectDependencies) = postProject
		{A12B839D-967C-3272-81CA-87101E9DEFE2} = {A12B839D-967C-3272-81CA-87101E9DEFE2}
	EndProjectSection
EndProject
Project("{8BC9CEB8-8B4A-11D0-8D11-00A0C91BC942}") = "toolchain-tests", "toolchain-tests.vcxproj", "{A251AF0F-1582-3ACC-B786-FE849FBF2DFC}"
	ProjectSection(ProjectDependencies) = postProject
		{A12B839D-967C-3272-81CA-87101E9DEFE2} = {A12B839D-967C-3272-81CA-87101E9DEFE2}
		{906287E9-6392-3B72-9D93-A31EB6C4CDEF} = {906287E9-6392-3B72-9D93-A31EB6C4CDEF}
	EndProjectSection
EndProject
Project("{8BC9CEB8-8B4A-11D0-8D11-00A0C91BC942}") = "xsimd_ep", "xsimd_ep.vcxproj", "{906287E9-6392-3B72-9D93-A31EB6C4CDEF}"
	ProjectSection(ProjectDependencies) = postProject
		{A12B839D-967C-3272-81CA-87101E9DEFE2} = {A12B839D-967C-3272-81CA-87101E9DEFE2}
	EndProjectSection
EndProject
Global
	GlobalSection(SolutionConfigurationPlatforms) = preSolution
		Debug|x64 = Debug|x64
		Release|x64 = Release|x64
		MinSizeRel|x64 = MinSizeRel|x64
		RelWithDebInfo|x64 = RelWithDebInfo|x64
	EndGlobalSection
	GlobalSection(ProjectConfigurationPlatforms) = postSolution
		{AD109C3C-C7A3-3CE1-A4D9-F06992B0881E}.Debug|x64.ActiveCfg = Debug|x64
		{AD109C3C-C7A3-3CE1-A4D9-F06992B0881E}.Debug|x64.Build.0 = Debug|x64
		{AD109C3C-C7A3-3CE1-A4D9-F06992B0881E}.Release|x64.ActiveCfg = Release|x64
		{AD109C3C-C7A3-3CE1-A4D9-F06992B0881E}.Release|x64.Build.0 = Release|x64
		{AD109C3C-C7A3-3CE1-A4D9-F06992B0881E}.MinSizeRel|x64.ActiveCfg = MinSizeRel|x64
		{AD109C3C-C7A3-3CE1-A4D9-F06992B0881E}.MinSizeRel|x64.Build.0 = MinSizeRel|x64
		{AD109C3C-C7A3-3CE1-A4D9-F06992B0881E}.RelWithDebInfo|x64.ActiveCfg = RelWithDebInfo|x64
		{AD109C3C-C7A3-3CE1-A4D9-F06992B0881E}.RelWithDebInfo|x64.Build.0 = RelWithDebInfo|x64
		{C5461E65-91BD-3C52-8A38-177359566310}.Debug|x64.ActiveCfg = Debug|x64
		{C5461E65-91BD-3C52-8A38-177359566310}.Release|x64.ActiveCfg = Release|x64
		{C5461E65-91BD-3C52-8A38-177359566310}.MinSizeRel|x64.ActiveCfg = MinSizeRel|x64
		{C5461E65-91BD-3C52-8A38-177359566310}.RelWithDebInfo|x64.ActiveCfg = RelWithDebInfo|x64
		{CA67F1C8-3845-312C-8FDA-F2BB44D93F1B}.Debug|x64.ActiveCfg = Debug|x64
		{CA67F1C8-3845-312C-8FDA-F2BB44D93F1B}.Release|x64.ActiveCfg = Release|x64
		{CA67F1C8-3845-312C-8FDA-F2BB44D93F1B}.MinSizeRel|x64.ActiveCfg = MinSizeRel|x64
		{CA67F1C8-3845-312C-8FDA-F2BB44D93F1B}.RelWithDebInfo|x64.ActiveCfg = RelWithDebInfo|x64
		{A12B839D-967C-3272-81CA-87101E9DEFE2}.Debug|x64.ActiveCfg = Debug|x64
		{A12B839D-967C-3272-81CA-87101E9DEFE2}.Debug|x64.Build.0 = Debug|x64
		{A12B839D-967C-3272-81CA-87101E9DEFE2}.Release|x64.ActiveCfg = Release|x64
		{A12B839D-967C-3272-81CA-87101E9DEFE2}.Release|x64.Build.0 = Release|x64
		{A12B839D-967C-3272-81CA-87101E9DEFE2}.MinSizeRel|x64.ActiveCfg = MinSizeRel|x64
		{A12B839D-967C-3272-81CA-87101E9DEFE2}.MinSizeRel|x64.Build.0 = MinSizeRel|x64
		{A12B839D-967C-3272-81CA-87101E9DEFE2}.RelWithDebInfo|x64.ActiveCfg = RelWithDebInfo|x64
		{A12B839D-967C-3272-81CA-87101E9DEFE2}.RelWithDebInfo|x64.Build.0 = RelWithDebInfo|x64
		{57AB42B6-6855-35AF-8B0D-803FAA021A48}.Debug|x64.ActiveCfg = Debug|x64
		{57AB42B6-6855-35AF-8B0D-803FAA021A48}.Debug|x64.Build.0 = Debug|x64
		{57AB42B6-6855-35AF-8B0D-803FAA021A48}.Release|x64.ActiveCfg = Release|x64
		{57AB42B6-6855-35AF-8B0D-803FAA021A48}.Release|x64.Build.0 = Release|x64
		{57AB42B6-6855-35AF-8B0D-803FAA021A48}.MinSizeRel|x64.ActiveCfg = MinSizeRel|x64
		{57AB42B6-6855-35AF-8B0D-803FAA021A48}.MinSizeRel|x64.Build.0 = MinSizeRel|x64
		{57AB42B6-6855-35AF-8B0D-803FAA021A48}.RelWithDebInfo|x64.ActiveCfg = RelWithDebInfo|x64
		{57AB42B6-6855-35AF-8B0D-803FAA021A48}.RelWithDebInfo|x64.Build.0 = RelWithDebInfo|x64
		{924916E5-B1AF-395C-809C-4D069C00E96F}.Debug|x64.ActiveCfg = Debug|x64
		{924916E5-B1AF-395C-809C-4D069C00E96F}.Release|x64.ActiveCfg = Release|x64
		{924916E5-B1AF-395C-809C-4D069C00E96F}.MinSizeRel|x64.ActiveCfg = MinSizeRel|x64
		{924916E5-B1AF-395C-809C-4D069C00E96F}.RelWithDebInfo|x64.ActiveCfg = RelWithDebInfo|x64
		{A0EB8A94-3B15-3EE2-B631-9F52A3919615}.Debug|x64.ActiveCfg = Debug|x64
		{A0EB8A94-3B15-3EE2-B631-9F52A3919615}.Debug|x64.Build.0 = Debug|x64
		{A0EB8A94-3B15-3EE2-B631-9F52A3919615}.Release|x64.ActiveCfg = Release|x64
		{A0EB8A94-3B15-3EE2-B631-9F52A3919615}.Release|x64.Build.0 = Release|x64
		{A0EB8A94-3B15-3EE2-B631-9F52A3919615}.MinSizeRel|x64.ActiveCfg = MinSizeRel|x64
		{A0EB8A94-3B15-3EE2-B631-9F52A3919615}.MinSizeRel|x64.Build.0 = MinSizeRel|x64
		{A0EB8A94-3B15-3EE2-B631-9F52A3919615}.RelWithDebInfo|x64.ActiveCfg = RelWithDebInfo|x64
		{A0EB8A94-3B15-3EE2-B631-9F52A3919615}.RelWithDebInfo|x64.Build.0 = RelWithDebInfo|x64
		{320185CD-BDC0-3DCA-AC84-CBF9A12885F1}.Debug|x64.ActiveCfg = Debug|x64
		{320185CD-BDC0-3DCA-AC84-CBF9A12885F1}.Debug|x64.Build.0 = Debug|x64
		{320185CD-BDC0-3DCA-AC84-CBF9A12885F1}.Release|x64.ActiveCfg = Release|x64
		{320185CD-BDC0-3DCA-AC84-CBF9A12885F1}.Release|x64.Build.0 = Release|x64
		{320185CD-BDC0-3DCA-AC84-CBF9A12885F1}.MinSizeRel|x64.ActiveCfg = MinSizeRel|x64
		{320185CD-BDC0-3DCA-AC84-CBF9A12885F1}.MinSizeRel|x64.Build.0 = MinSizeRel|x64
		{320185CD-BDC0-3DCA-AC84-CBF9A12885F1}.RelWithDebInfo|x64.ActiveCfg = RelWithDebInfo|x64
		{320185CD-BDC0-3DCA-AC84-CBF9A12885F1}.RelWithDebInfo|x64.Build.0 = RelWithDebInfo|x64
		{B200C311-20AF-3844-8748-350E2ED20F1D}.Debug|x64.ActiveCfg = Debug|x64
		{B200C311-20AF-3844-8748-350E2ED20F1D}.Debug|x64.Build.0 = Debug|x64
		{B200C311-20AF-3844-8748-350E2ED20F1D}.Release|x64.ActiveCfg = Release|x64
		{B200C311-20AF-3844-8748-350E2ED20F1D}.Release|x64.Build.0 = Release|x64
		{B200C311-20AF-3844-8748-350E2ED20F1D}.MinSizeRel|x64.ActiveCfg = MinSizeRel|x64
		{B200C311-20AF-3844-8748-350E2ED20F1D}.MinSizeRel|x64.Build.0 = MinSizeRel|x64
		{B200C311-20AF-3844-8748-350E2ED20F1D}.RelWithDebInfo|x64.ActiveCfg = RelWithDebInfo|x64
		{B200C311-20AF-3844-8748-350E2ED20F1D}.RelWithDebInfo|x64.Build.0 = RelWithDebInfo|x64
		{2618041B-4980-39C7-B1FF-D6AE7B35DC06}.Debug|x64.ActiveCfg = Debug|x64
		{2618041B-4980-39C7-B1FF-D6AE7B35DC06}.Release|x64.ActiveCfg = Release|x64
		{2618041B-4980-39C7-B1FF-D6AE7B35DC06}.MinSizeRel|x64.ActiveCfg = MinSizeRel|x64
		{2618041B-4980-39C7-B1FF-D6AE7B35DC06}.RelWithDebInfo|x64.ActiveCfg = RelWithDebInfo|x64
		{99D162F5-53F5-39CC-AAE0-A80772D1DE19}.Debug|x64.ActiveCfg = Debug|x64
		{99D162F5-53F5-39CC-AAE0-A80772D1DE19}.Debug|x64.Build.0 = Debug|x64
		{99D162F5-53F5-39CC-AAE0-A80772D1DE19}.Release|x64.ActiveCfg = Release|x64
		{99D162F5-53F5-39CC-AAE0-A80772D1DE19}.Release|x64.Build.0 = Release|x64
		{99D162F5-53F5-39CC-AAE0-A80772D1DE19}.MinSizeRel|x64.ActiveCfg = MinSizeRel|x64
		{99D162F5-53F5-39CC-AAE0-A80772D1DE19}.MinSizeRel|x64.Build.0 = MinSizeRel|x64
		{99D162F5-53F5-39CC-AAE0-A80772D1DE19}.RelWithDebInfo|x64.ActiveCfg = RelWithDebInfo|x64
		{99D162F5-53F5-39CC-AAE0-A80772D1DE19}.RelWithDebInfo|x64.Build.0 = RelWithDebInfo|x64
		{92DBB49D-EB35-317D-BF12-EEF49216EAB2}.Debug|x64.ActiveCfg = Debug|x64
		{92DBB49D-EB35-317D-BF12-EEF49216EAB2}.Debug|x64.Build.0 = Debug|x64
		{92DBB49D-EB35-317D-BF12-EEF49216EAB2}.Release|x64.ActiveCfg = Release|x64
		{92DBB49D-EB35-317D-BF12-EEF49216EAB2}.Release|x64.Build.0 = Release|x64
		{92DBB49D-EB35-317D-BF12-EEF49216EAB2}.MinSizeRel|x64.ActiveCfg = MinSizeRel|x64
		{92DBB49D-EB35-317D-BF12-EEF49216EAB2}.MinSizeRel|x64.Build.0 = MinSizeRel|x64
		{92DBB49D-EB35-317D-BF12-EEF49216EAB2}.RelWithDebInfo|x64.ActiveCfg = RelWithDebInfo|x64
		{92DBB49D-EB35-317D-BF12-EEF49216EAB2}.RelWithDebInfo|x64.Build.0 = RelWithDebInfo|x64
		{361D1D10-2F11-32F4-9088-2AA0A4167B46}.Debug|x64.ActiveCfg = Debug|x64
		{361D1D10-2F11-32F4-9088-2AA0A4167B46}.Debug|x64.Build.0 = Debug|x64
		{361D1D10-2F11-32F4-9088-2AA0A4167B46}.Release|x64.ActiveCfg = Release|x64
		{361D1D10-2F11-32F4-9088-2AA0A4167B46}.Release|x64.Build.0 = Release|x64
		{361D1D10-2F11-32F4-9088-2AA0A4167B46}.MinSizeRel|x64.ActiveCfg = MinSizeRel|x64
		{361D1D10-2F11-32F4-9088-2AA0A4167B46}.MinSizeRel|x64.Build.0 = MinSizeRel|x64
		{361D1D10-2F11-32F4-9088-2AA0A4167B46}.RelWithDebInfo|x64.ActiveCfg = RelWithDebInfo|x64
		{361D1D10-2F11-32F4-9088-2AA0A4167B46}.RelWithDebInfo|x64.Build.0 = RelWithDebInfo|x64
		{553BC03E-6741-339A-9130-A67137D104BB}.Debug|x64.ActiveCfg = Debug|x64
		{553BC03E-6741-339A-9130-A67137D104BB}.Release|x64.ActiveCfg = Release|x64
		{553BC03E-6741-339A-9130-A67137D104BB}.MinSizeRel|x64.ActiveCfg = MinSizeRel|x64
		{553BC03E-6741-339A-9130-A67137D104BB}.RelWithDebInfo|x64.ActiveCfg = RelWithDebInfo|x64
		{DBED18FF-5326-3B50-9078-4A4B67C80C45}.Debug|x64.ActiveCfg = Debug|x64
		{DBED18FF-5326-3B50-9078-4A4B67C80C45}.Debug|x64.Build.0 = Debug|x64
		{DBED18FF-5326-3B50-9078-4A4B67C80C45}.Release|x64.ActiveCfg = Release|x64
		{DBED18FF-5326-3B50-9078-4A4B67C80C45}.Release|x64.Build.0 = Release|x64
		{DBED18FF-5326-3B50-9078-4A4B67C80C45}.MinSizeRel|x64.ActiveCfg = MinSizeRel|x64
		{DBED18FF-5326-3B50-9078-4A4B67C80C45}.MinSizeRel|x64.Build.0 = MinSizeRel|x64
		{DBED18FF-5326-3B50-9078-4A4B67C80C45}.RelWithDebInfo|x64.ActiveCfg = RelWithDebInfo|x64
		{DBED18FF-5326-3B50-9078-4A4B67C80C45}.RelWithDebInfo|x64.Build.0 = RelWithDebInfo|x64
		{B7E4348E-1D5C-3829-A693-32CE96C9A008}.Debug|x64.ActiveCfg = Debug|x64
		{B7E4348E-1D5C-3829-A693-32CE96C9A008}.Release|x64.ActiveCfg = Release|x64
		{B7E4348E-1D5C-3829-A693-32CE96C9A008}.MinSizeRel|x64.ActiveCfg = MinSizeRel|x64
		{B7E4348E-1D5C-3829-A693-32CE96C9A008}.RelWithDebInfo|x64.ActiveCfg = RelWithDebInfo|x64
		{36FC5397-F7D9-3276-8545-861A28143542}.Debug|x64.ActiveCfg = Debug|x64
		{36FC5397-F7D9-3276-8545-861A28143542}.Release|x64.ActiveCfg = Release|x64
		{36FC5397-F7D9-3276-8545-861A28143542}.MinSizeRel|x64.ActiveCfg = MinSizeRel|x64
		{36FC5397-F7D9-3276-8545-861A28143542}.RelWithDebInfo|x64.ActiveCfg = RelWithDebInfo|x64
		{1BEC94AC-42F7-3DFA-9FB0-EF44E11E6BA2}.Debug|x64.ActiveCfg = Debug|x64
		{1BEC94AC-42F7-3DFA-9FB0-EF44E11E6BA2}.Debug|x64.Build.0 = Debug|x64
		{1BEC94AC-42F7-3DFA-9FB0-EF44E11E6BA2}.Release|x64.ActiveCfg = Release|x64
		{1BEC94AC-42F7-3DFA-9FB0-EF44E11E6BA2}.Release|x64.Build.0 = Release|x64
		{1BEC94AC-42F7-3DFA-9FB0-EF44E11E6BA2}.MinSizeRel|x64.ActiveCfg = MinSizeRel|x64
		{1BEC94AC-42F7-3DFA-9FB0-EF44E11E6BA2}.MinSizeRel|x64.Build.0 = MinSizeRel|x64
		{1BEC94AC-42F7-3DFA-9FB0-EF44E11E6BA2}.RelWithDebInfo|x64.ActiveCfg = RelWithDebInfo|x64
		{1BEC94AC-42F7-3DFA-9FB0-EF44E11E6BA2}.RelWithDebInfo|x64.Build.0 = RelWithDebInfo|x64
		{86B88AA9-724B-359B-86F2-01755D651BB7}.Debug|x64.ActiveCfg = Debug|x64
		{86B88AA9-724B-359B-86F2-01755D651BB7}.Release|x64.ActiveCfg = Release|x64
		{86B88AA9-724B-359B-86F2-01755D651BB7}.MinSizeRel|x64.ActiveCfg = MinSizeRel|x64
		{86B88AA9-724B-359B-86F2-01755D651BB7}.RelWithDebInfo|x64.ActiveCfg = RelWithDebInfo|x64
		{EBF1CA8C-C953-3808-89FF-073CE85BC488}.Debug|x64.ActiveCfg = Debug|x64
		{EBF1CA8C-C953-3808-89FF-073CE85BC488}.Debug|x64.Build.0 = Debug|x64
		{EBF1CA8C-C953-3808-89FF-073CE85BC488}.Release|x64.ActiveCfg = Release|x64
		{EBF1CA8C-C953-3808-89FF-073CE85BC488}.Release|x64.Build.0 = Release|x64
		{EBF1CA8C-C953-3808-89FF-073CE85BC488}.MinSizeRel|x64.ActiveCfg = MinSizeRel|x64
		{EBF1CA8C-C953-3808-89FF-073CE85BC488}.MinSizeRel|x64.Build.0 = MinSizeRel|x64
		{EBF1CA8C-C953-3808-89FF-073CE85BC488}.RelWithDebInfo|x64.ActiveCfg = RelWithDebInfo|x64
		{EBF1CA8C-C953-3808-89FF-073CE85BC488}.RelWithDebInfo|x64.Build.0 = RelWithDebInfo|x64
		{B724F025-DFA7-3B72-BB6A-B07E2AE3C534}.Debug|x64.ActiveCfg = Debug|x64
		{B724F025-DFA7-3B72-BB6A-B07E2AE3C534}.Release|x64.ActiveCfg = Release|x64
		{B724F025-DFA7-3B72-BB6A-B07E2AE3C534}.MinSizeRel|x64.ActiveCfg = MinSizeRel|x64
		{B724F025-DFA7-3B72-BB6A-B07E2AE3C534}.RelWithDebInfo|x64.ActiveCfg = RelWithDebInfo|x64
		{A251AF0F-1582-3ACC-B786-FE849FBF2DFC}.Debug|x64.ActiveCfg = Debug|x64
		{A251AF0F-1582-3ACC-B786-FE849FBF2DFC}.Debug|x64.Build.0 = Debug|x64
		{A251AF0F-1582-3ACC-B786-FE849FBF2DFC}.Release|x64.ActiveCfg = Release|x64
		{A251AF0F-1582-3ACC-B786-FE849FBF2DFC}.Release|x64.Build.0 = Release|x64
		{A251AF0F-1582-3ACC-B786-FE849FBF2DFC}.MinSizeRel|x64.ActiveCfg = MinSizeRel|x64
		{A251AF0F-1582-3ACC-B786-FE849FBF2DFC}.MinSizeRel|x64.Build.0 = MinSizeRel|x64
		{A251AF0F-1582-3ACC-B786-FE849FBF2DFC}.RelWithDebInfo|x64.ActiveCfg = RelWithDebInfo|x64
		{A251AF0F-1582-3ACC-B786-FE849FBF2DFC}.RelWithDebInfo|x64.Build.0 = RelWithDebInfo|x64
		{906287E9-6392-3B72-9D93-A31EB6C4CDEF}.Debug|x64.ActiveCfg = Debug|x64
		{906287E9-6392-3B72-9D93-A31EB6C4CDEF}.Debug|x64.Build.0 = Debug|x64
		{906287E9-6392-3B72-9D93-A31EB6C4CDEF}.Release|x64.ActiveCfg = Release|x64
		{906287E9-6392-3B72-9D93-A31EB6C4CDEF}.Release|x64.Build.0 = Release|x64
		{906287E9-6392-3B72-9D93-A31EB6C4CDEF}.MinSizeRel|x64.ActiveCfg = MinSizeRel|x64
		{906287E9-6392-3B72-9D93-A31EB6C4CDEF}.MinSizeRel|x64.Build.0 = MinSizeRel|x64
		{906287E9-6392-3B72-9D93-A31EB6C4CDEF}.RelWithDebInfo|x64.ActiveCfg = RelWithDebInfo|x64
		{906287E9-6392-3B72-9D93-A31EB6C4CDEF}.RelWithDebInfo|x64.Build.0 = RelWithDebInfo|x64
	EndGlobalSection
	GlobalSection(ExtensibilityGlobals) = postSolution
		SolutionGuid = {CCF601E8-54E5-3BC5-93F1-FEA675504F49}
	EndGlobalSection
	GlobalSection(ExtensibilityAddIns) = postSolution
	EndGlobalSection
EndGlobal
