<?xml version="1.0" encoding="utf-8"?>
<Project ToolsVersion="17.0" xmlns="http://schemas.microsoft.com/developer/msbuild/2003">
  <ItemGroup>
    <ClCompile Include="C:\Users\Jay\Documents\Github\HarvestEye\openMVG\src\openMVG\geometry\Similarity3.cpp">
      <Filter>Source Files</Filter>
    </ClCompile>
    <ClCompile Include="C:\Users\Jay\Documents\Github\HarvestEye\openMVG\src\openMVG\geometry\Similarity3_Kernel.cpp">
      <Filter>Source Files</Filter>
    </ClCompile>
    <ClCompile Include="C:\Users\Jay\Documents\Github\HarvestEye\openMVG\src\openMVG\geometry\box.cpp">
      <Filter>Source Files</Filter>
    </ClCompile>
    <ClCompile Include="C:\Users\Jay\Documents\Github\HarvestEye\openMVG\src\openMVG\geometry\convex_hull.cpp">
      <Filter>Source Files</Filter>
    </ClCompile>
    <ClCompile Include="C:\Users\Jay\Documents\Github\HarvestEye\openMVG\src\openMVG\geometry\frustum.cpp">
      <Filter>Source Files</Filter>
    </ClCompile>
    <ClCompile Include="C:\Users\Jay\Documents\Github\HarvestEye\openMVG\src\openMVG\geometry\half_space_intersection.cpp">
      <Filter>Source Files</Filter>
    </ClCompile>
    <ClCompile Include="C:\Users\Jay\Documents\Github\HarvestEye\openMVG\src\openMVG\geometry\rigid_transformation3D_srt.cpp">
      <Filter>Source Files</Filter>
    </ClCompile>
  </ItemGroup>
  <ItemGroup>
    <ClInclude Include="C:\Users\Jay\Documents\Github\HarvestEye\openMVG\src\openMVG\geometry\Similarity3.hpp">
      <Filter>Header Files</Filter>
    </ClInclude>
    <ClInclude Include="C:\Users\Jay\Documents\Github\HarvestEye\openMVG\src\openMVG\geometry\Similarity3_Kernel.hpp">
      <Filter>Header Files</Filter>
    </ClInclude>
    <ClInclude Include="C:\Users\Jay\Documents\Github\HarvestEye\openMVG\src\openMVG\geometry\box.hpp">
      <Filter>Header Files</Filter>
    </ClInclude>
    <ClInclude Include="C:\Users\Jay\Documents\Github\HarvestEye\openMVG\src\openMVG\geometry\convex_hull.hpp">
      <Filter>Header Files</Filter>
    </ClInclude>
    <ClInclude Include="C:\Users\Jay\Documents\Github\HarvestEye\openMVG\src\openMVG\geometry\frustum.hpp">
      <Filter>Header Files</Filter>
    </ClInclude>
    <ClInclude Include="C:\Users\Jay\Documents\Github\HarvestEye\openMVG\src\openMVG\geometry\half_space_intersection.hpp">
      <Filter>Header Files</Filter>
    </ClInclude>
    <ClInclude Include="C:\Users\Jay\Documents\Github\HarvestEye\openMVG\src\openMVG\geometry\plane_estimation_kernel.hpp">
      <Filter>Header Files</Filter>
    </ClInclude>
    <ClInclude Include="C:\Users\Jay\Documents\Github\HarvestEye\openMVG\src\openMVG\geometry\pose3.hpp">
      <Filter>Header Files</Filter>
    </ClInclude>
    <ClInclude Include="C:\Users\Jay\Documents\Github\HarvestEye\openMVG\src\openMVG\geometry\pose3_io.hpp">
      <Filter>Header Files</Filter>
    </ClInclude>
    <ClInclude Include="C:\Users\Jay\Documents\Github\HarvestEye\openMVG\src\openMVG\geometry\rigid_transformation3D_srt.hpp">
      <Filter>Header Files</Filter>
    </ClInclude>
  </ItemGroup>
  <ItemGroup>
    <CustomBuild Include="C:\Users\Jay\Documents\Github\HarvestEye\openMVG\src\openMVG\geometry\CMakeLists.txt" />
  </ItemGroup>
  <ItemGroup>
    <Filter Include="Header Files">
      <UniqueIdentifier>{944116DC-00DF-3E37-BC8E-30EC7C02C934}</UniqueIdentifier>
    </Filter>
    <Filter Include="Source Files">
      <UniqueIdentifier>{DF0C22B8-62EA-3379-B4EE-2759DDDDE2BB}</UniqueIdentifier>
    </Filter>
  </ItemGroup>
</Project>
