<?xml version="1.0" encoding="utf-8"?>
<Project ToolsVersion="17.0" xmlns="http://schemas.microsoft.com/developer/msbuild/2003">
  <ItemGroup>
    <ClCompile Include="C:\Users\Jay\Documents\Github\HarvestEye\openMVG Built\arrow\src\arrow_cpp-build\mimalloc_ep-prefix\src\mimalloc_ep\src\stats.c">
      <Filter>Source Files</Filter>
    </ClCompile>
    <ClCompile Include="C:\Users\Jay\Documents\Github\HarvestEye\openMVG Built\arrow\src\arrow_cpp-build\mimalloc_ep-prefix\src\mimalloc_ep\src\random.c">
      <Filter>Source Files</Filter>
    </ClCompile>
    <ClCompile Include="C:\Users\Jay\Documents\Github\HarvestEye\openMVG Built\arrow\src\arrow_cpp-build\mimalloc_ep-prefix\src\mimalloc_ep\src\os.c">
      <Filter>Source Files</Filter>
    </ClCompile>
    <ClCompile Include="C:\Users\Jay\Documents\Github\HarvestEye\openMVG Built\arrow\src\arrow_cpp-build\mimalloc_ep-prefix\src\mimalloc_ep\src\bitmap.c">
      <Filter>Source Files</Filter>
    </ClCompile>
    <ClCompile Include="C:\Users\Jay\Documents\Github\HarvestEye\openMVG Built\arrow\src\arrow_cpp-build\mimalloc_ep-prefix\src\mimalloc_ep\src\arena.c">
      <Filter>Source Files</Filter>
    </ClCompile>
    <ClCompile Include="C:\Users\Jay\Documents\Github\HarvestEye\openMVG Built\arrow\src\arrow_cpp-build\mimalloc_ep-prefix\src\mimalloc_ep\src\segment-cache.c">
      <Filter>Source Files</Filter>
    </ClCompile>
    <ClCompile Include="C:\Users\Jay\Documents\Github\HarvestEye\openMVG Built\arrow\src\arrow_cpp-build\mimalloc_ep-prefix\src\mimalloc_ep\src\segment.c">
      <Filter>Source Files</Filter>
    </ClCompile>
    <ClCompile Include="C:\Users\Jay\Documents\Github\HarvestEye\openMVG Built\arrow\src\arrow_cpp-build\mimalloc_ep-prefix\src\mimalloc_ep\src\page.c">
      <Filter>Source Files</Filter>
    </ClCompile>
    <ClCompile Include="C:\Users\Jay\Documents\Github\HarvestEye\openMVG Built\arrow\src\arrow_cpp-build\mimalloc_ep-prefix\src\mimalloc_ep\src\alloc.c">
      <Filter>Source Files</Filter>
    </ClCompile>
    <ClCompile Include="C:\Users\Jay\Documents\Github\HarvestEye\openMVG Built\arrow\src\arrow_cpp-build\mimalloc_ep-prefix\src\mimalloc_ep\src\alloc-aligned.c">
      <Filter>Source Files</Filter>
    </ClCompile>
    <ClCompile Include="C:\Users\Jay\Documents\Github\HarvestEye\openMVG Built\arrow\src\arrow_cpp-build\mimalloc_ep-prefix\src\mimalloc_ep\src\alloc-posix.c">
      <Filter>Source Files</Filter>
    </ClCompile>
    <ClCompile Include="C:\Users\Jay\Documents\Github\HarvestEye\openMVG Built\arrow\src\arrow_cpp-build\mimalloc_ep-prefix\src\mimalloc_ep\src\heap.c">
      <Filter>Source Files</Filter>
    </ClCompile>
    <ClCompile Include="C:\Users\Jay\Documents\Github\HarvestEye\openMVG Built\arrow\src\arrow_cpp-build\mimalloc_ep-prefix\src\mimalloc_ep\src\options.c">
      <Filter>Source Files</Filter>
    </ClCompile>
    <ClCompile Include="C:\Users\Jay\Documents\Github\HarvestEye\openMVG Built\arrow\src\arrow_cpp-build\mimalloc_ep-prefix\src\mimalloc_ep\src\init.c">
      <Filter>Source Files</Filter>
    </ClCompile>
  </ItemGroup>
  <ItemGroup>
    <CustomBuild Include="C:\Users\Jay\Documents\Github\HarvestEye\openMVG Built\arrow\src\arrow_cpp-build\mimalloc_ep-prefix\src\mimalloc_ep\CMakeLists.txt" />
  </ItemGroup>
  <ItemGroup>
    <Filter Include="Source Files">
      <UniqueIdentifier>{AF0F03D4-EC1D-3503-9AB3-ECB40B7A9178}</UniqueIdentifier>
    </Filter>
  </ItemGroup>
</Project>
