<?xml version="1.0" encoding="utf-8"?>
<Project ToolsVersion="17.0" xmlns="http://schemas.microsoft.com/developer/msbuild/2003">
  <ItemGroup>
    <ClCompile Include="C:\Users\Jay\Documents\Github\HarvestEye\openMVG\src\openMVG\multiview\LiGT\LiGT_algorithm.cpp">
      <Filter>Source Files</Filter>
    </ClCompile>
    <ClCompile Include="C:\Users\Jay\Documents\Github\HarvestEye\openMVG\src\openMVG\multiview\LiGT\LiGT_algorithm_converter.cpp">
      <Filter>Source Files</Filter>
    </ClCompile>
    <ClCompile Include="C:\Users\Jay\Documents\Github\HarvestEye\openMVG\src\openMVG\multiview\conditioning.cpp">
      <Filter>Source Files</Filter>
    </ClCompile>
    <ClCompile Include="C:\Users\Jay\Documents\Github\HarvestEye\openMVG\src\openMVG\multiview\essential.cpp">
      <Filter>Source Files</Filter>
    </ClCompile>
    <ClCompile Include="C:\Users\Jay\Documents\Github\HarvestEye\openMVG\src\openMVG\multiview\motion_from_essential.cpp">
      <Filter>Source Files</Filter>
    </ClCompile>
    <ClCompile Include="C:\Users\Jay\Documents\Github\HarvestEye\openMVG\src\openMVG\multiview\projection.cpp">
      <Filter>Source Files</Filter>
    </ClCompile>
    <ClCompile Include="C:\Users\Jay\Documents\Github\HarvestEye\openMVG\src\openMVG\multiview\rotation_averaging_l1.cpp">
      <Filter>Source Files</Filter>
    </ClCompile>
    <ClCompile Include="C:\Users\Jay\Documents\Github\HarvestEye\openMVG\src\openMVG\multiview\rotation_averaging_l2.cpp">
      <Filter>Source Files</Filter>
    </ClCompile>
    <ClCompile Include="C:\Users\Jay\Documents\Github\HarvestEye\openMVG\src\openMVG\multiview\solver_affine.cpp">
      <Filter>Source Files</Filter>
    </ClCompile>
    <ClCompile Include="C:\Users\Jay\Documents\Github\HarvestEye\openMVG\src\openMVG\multiview\solver_essential_eight_point.cpp">
      <Filter>Source Files</Filter>
    </ClCompile>
    <ClCompile Include="C:\Users\Jay\Documents\Github\HarvestEye\openMVG\src\openMVG\multiview\solver_essential_five_point.cpp">
      <Filter>Source Files</Filter>
    </ClCompile>
    <ClCompile Include="C:\Users\Jay\Documents\Github\HarvestEye\openMVG\src\openMVG\multiview\solver_essential_kernel.cpp">
      <Filter>Source Files</Filter>
    </ClCompile>
    <ClCompile Include="C:\Users\Jay\Documents\Github\HarvestEye\openMVG\src\openMVG\multiview\solver_essential_three_point.cpp">
      <Filter>Source Files</Filter>
    </ClCompile>
    <ClCompile Include="C:\Users\Jay\Documents\Github\HarvestEye\openMVG\src\openMVG\multiview\solver_fundamental_kernel.cpp">
      <Filter>Source Files</Filter>
    </ClCompile>
    <ClCompile Include="C:\Users\Jay\Documents\Github\HarvestEye\openMVG\src\openMVG\multiview\solver_homography_kernel.cpp">
      <Filter>Source Files</Filter>
    </ClCompile>
    <ClCompile Include="C:\Users\Jay\Documents\Github\HarvestEye\openMVG\src\openMVG\multiview\solver_resection_kernel.cpp">
      <Filter>Source Files</Filter>
    </ClCompile>
    <ClCompile Include="C:\Users\Jay\Documents\Github\HarvestEye\openMVG\src\openMVG\multiview\solver_resection_p3p_ke.cpp">
      <Filter>Source Files</Filter>
    </ClCompile>
    <ClCompile Include="C:\Users\Jay\Documents\Github\HarvestEye\openMVG\src\openMVG\multiview\solver_resection_p3p_kneip.cpp">
      <Filter>Source Files</Filter>
    </ClCompile>
    <ClCompile Include="C:\Users\Jay\Documents\Github\HarvestEye\openMVG\src\openMVG\multiview\solver_resection_p3p_nordberg.cpp">
      <Filter>Source Files</Filter>
    </ClCompile>
    <ClCompile Include="C:\Users\Jay\Documents\Github\HarvestEye\openMVG\src\openMVG\multiview\solver_resection_up2p_kukelova.cpp">
      <Filter>Source Files</Filter>
    </ClCompile>
    <ClCompile Include="C:\Users\Jay\Documents\Github\HarvestEye\openMVG\src\openMVG\multiview\translation_averaging_common.cpp">
      <Filter>Source Files</Filter>
    </ClCompile>
    <ClCompile Include="C:\Users\Jay\Documents\Github\HarvestEye\openMVG\src\openMVG\multiview\translation_averaging_solver_l2_chordal.cpp">
      <Filter>Source Files</Filter>
    </ClCompile>
    <ClCompile Include="C:\Users\Jay\Documents\Github\HarvestEye\openMVG\src\openMVG\multiview\translation_averaging_solver_softl1.cpp">
      <Filter>Source Files</Filter>
    </ClCompile>
    <ClCompile Include="C:\Users\Jay\Documents\Github\HarvestEye\openMVG\src\openMVG\multiview\triangulation.cpp">
      <Filter>Source Files</Filter>
    </ClCompile>
    <ClCompile Include="C:\Users\Jay\Documents\Github\HarvestEye\openMVG\src\openMVG\multiview\triangulation_nview.cpp">
      <Filter>Source Files</Filter>
    </ClCompile>
  </ItemGroup>
  <ItemGroup>
    <ClInclude Include="C:\Users\Jay\Documents\Github\HarvestEye\openMVG\src\openMVG\multiview\LiGT\LiGT_algorithm.hpp">
      <Filter>Header Files</Filter>
    </ClInclude>
    <ClInclude Include="C:\Users\Jay\Documents\Github\HarvestEye\openMVG\src\openMVG\multiview\LiGT\LiGT_algorithm_converter.hpp">
      <Filter>Header Files</Filter>
    </ClInclude>
    <ClInclude Include="C:\Users\Jay\Documents\Github\HarvestEye\openMVG\src\openMVG\multiview\LiGT\LiGT_types.hpp">
      <Filter>Header Files</Filter>
    </ClInclude>
    <ClInclude Include="C:\Users\Jay\Documents\Github\HarvestEye\openMVG\src\openMVG\multiview\conditioning.hpp">
      <Filter>Header Files</Filter>
    </ClInclude>
    <ClInclude Include="C:\Users\Jay\Documents\Github\HarvestEye\openMVG\src\openMVG\multiview\essential.hpp">
      <Filter>Header Files</Filter>
    </ClInclude>
    <ClInclude Include="C:\Users\Jay\Documents\Github\HarvestEye\openMVG\src\openMVG\multiview\motion_from_essential.hpp">
      <Filter>Header Files</Filter>
    </ClInclude>
    <ClInclude Include="C:\Users\Jay\Documents\Github\HarvestEye\openMVG\src\openMVG\multiview\projection.hpp">
      <Filter>Header Files</Filter>
    </ClInclude>
    <ClInclude Include="C:\Users\Jay\Documents\Github\HarvestEye\openMVG\src\openMVG\multiview\rotation_averaging.hpp">
      <Filter>Header Files</Filter>
    </ClInclude>
    <ClInclude Include="C:\Users\Jay\Documents\Github\HarvestEye\openMVG\src\openMVG\multiview\rotation_averaging_common.hpp">
      <Filter>Header Files</Filter>
    </ClInclude>
    <ClInclude Include="C:\Users\Jay\Documents\Github\HarvestEye\openMVG\src\openMVG\multiview\rotation_averaging_l1.hpp">
      <Filter>Header Files</Filter>
    </ClInclude>
    <ClInclude Include="C:\Users\Jay\Documents\Github\HarvestEye\openMVG\src\openMVG\multiview\rotation_averaging_l2.hpp">
      <Filter>Header Files</Filter>
    </ClInclude>
    <ClInclude Include="C:\Users\Jay\Documents\Github\HarvestEye\openMVG\src\openMVG\multiview\solver_affine.hpp">
      <Filter>Header Files</Filter>
    </ClInclude>
    <ClInclude Include="C:\Users\Jay\Documents\Github\HarvestEye\openMVG\src\openMVG\multiview\solver_essential_eight_point.hpp">
      <Filter>Header Files</Filter>
    </ClInclude>
    <ClInclude Include="C:\Users\Jay\Documents\Github\HarvestEye\openMVG\src\openMVG\multiview\solver_essential_five_point.hpp">
      <Filter>Header Files</Filter>
    </ClInclude>
    <ClInclude Include="C:\Users\Jay\Documents\Github\HarvestEye\openMVG\src\openMVG\multiview\solver_essential_kernel.hpp">
      <Filter>Header Files</Filter>
    </ClInclude>
    <ClInclude Include="C:\Users\Jay\Documents\Github\HarvestEye\openMVG\src\openMVG\multiview\solver_essential_three_point.hpp">
      <Filter>Header Files</Filter>
    </ClInclude>
    <ClInclude Include="C:\Users\Jay\Documents\Github\HarvestEye\openMVG\src\openMVG\multiview\solver_fundamental_kernel.hpp">
      <Filter>Header Files</Filter>
    </ClInclude>
    <ClInclude Include="C:\Users\Jay\Documents\Github\HarvestEye\openMVG\src\openMVG\multiview\solver_homography_kernel.hpp">
      <Filter>Header Files</Filter>
    </ClInclude>
    <ClInclude Include="C:\Users\Jay\Documents\Github\HarvestEye\openMVG\src\openMVG\multiview\solver_resection.hpp">
      <Filter>Header Files</Filter>
    </ClInclude>
    <ClInclude Include="C:\Users\Jay\Documents\Github\HarvestEye\openMVG\src\openMVG\multiview\solver_resection_kernel.hpp">
      <Filter>Header Files</Filter>
    </ClInclude>
    <ClInclude Include="C:\Users\Jay\Documents\Github\HarvestEye\openMVG\src\openMVG\multiview\solver_resection_metrics.hpp">
      <Filter>Header Files</Filter>
    </ClInclude>
    <ClInclude Include="C:\Users\Jay\Documents\Github\HarvestEye\openMVG\src\openMVG\multiview\solver_resection_p3p.hpp">
      <Filter>Header Files</Filter>
    </ClInclude>
    <ClInclude Include="C:\Users\Jay\Documents\Github\HarvestEye\openMVG\src\openMVG\multiview\solver_resection_p3p_ke.hpp">
      <Filter>Header Files</Filter>
    </ClInclude>
    <ClInclude Include="C:\Users\Jay\Documents\Github\HarvestEye\openMVG\src\openMVG\multiview\solver_resection_p3p_kneip.hpp">
      <Filter>Header Files</Filter>
    </ClInclude>
    <ClInclude Include="C:\Users\Jay\Documents\Github\HarvestEye\openMVG\src\openMVG\multiview\solver_resection_p3p_nordberg.hpp">
      <Filter>Header Files</Filter>
    </ClInclude>
    <ClInclude Include="C:\Users\Jay\Documents\Github\HarvestEye\openMVG\src\openMVG\multiview\solver_resection_up2p_kukelova.hpp">
      <Filter>Header Files</Filter>
    </ClInclude>
    <ClInclude Include="C:\Users\Jay\Documents\Github\HarvestEye\openMVG\src\openMVG\multiview\solver_translation_knownRotation_kernel.hpp">
      <Filter>Header Files</Filter>
    </ClInclude>
    <ClInclude Include="C:\Users\Jay\Documents\Github\HarvestEye\openMVG\src\openMVG\multiview\test_data_sets.hpp">
      <Filter>Header Files</Filter>
    </ClInclude>
    <ClInclude Include="C:\Users\Jay\Documents\Github\HarvestEye\openMVG\src\openMVG\multiview\translation_averaging_common.hpp">
      <Filter>Header Files</Filter>
    </ClInclude>
    <ClInclude Include="C:\Users\Jay\Documents\Github\HarvestEye\openMVG\src\openMVG\multiview\translation_averaging_solver.hpp">
      <Filter>Header Files</Filter>
    </ClInclude>
    <ClInclude Include="C:\Users\Jay\Documents\Github\HarvestEye\openMVG\src\openMVG\multiview\triangulation.hpp">
      <Filter>Header Files</Filter>
    </ClInclude>
    <ClInclude Include="C:\Users\Jay\Documents\Github\HarvestEye\openMVG\src\openMVG\multiview\triangulation_method.hpp">
      <Filter>Header Files</Filter>
    </ClInclude>
    <ClInclude Include="C:\Users\Jay\Documents\Github\HarvestEye\openMVG\src\openMVG\multiview\triangulation_nview.hpp">
      <Filter>Header Files</Filter>
    </ClInclude>
    <ClInclude Include="C:\Users\Jay\Documents\Github\HarvestEye\openMVG\src\openMVG\multiview\two_view_kernel.hpp">
      <Filter>Header Files</Filter>
    </ClInclude>
  </ItemGroup>
  <ItemGroup>
    <CustomBuild Include="C:\Users\Jay\Documents\Github\HarvestEye\openMVG\src\openMVG\multiview\CMakeLists.txt" />
  </ItemGroup>
  <ItemGroup>
    <Filter Include="Header Files">
      <UniqueIdentifier>{944116DC-00DF-3E37-BC8E-30EC7C02C934}</UniqueIdentifier>
    </Filter>
    <Filter Include="Source Files">
      <UniqueIdentifier>{DF0C22B8-62EA-3379-B4EE-2759DDDDE2BB}</UniqueIdentifier>
    </Filter>
  </ItemGroup>
</Project>
