<?xml version="1.0" encoding="utf-8"?>
<Project ToolsVersion="17.0" xmlns="http://schemas.microsoft.com/developer/msbuild/2003">
  <ItemGroup>
    <CustomBuild Include="C:\Users\Jay\Documents\Github\HarvestEye\openMVG Built\arrow\src\arrow_cpp-build\src\xsimd_ep-build\CMakeFiles\87b80f676bc24f1400086b759d85f1d2\INSTALL_force.rule">
      <Filter>CMake Rules</Filter>
    </CustomBuild>
  </ItemGroup>
  <ItemGroup>
    <Filter Include="CMake Rules">
      <UniqueIdentifier>{76C4601B-BE28-30A5-B164-C363253023DF}</UniqueIdentifier>
    </Filter>
  </ItemGroup>
</Project>
