<?xml version="1.0" encoding="utf-8"?>
<Project ToolsVersion="17.0" xmlns="http://schemas.microsoft.com/developer/msbuild/2003">
  <ItemGroup>
    <ClCompile Include="C:\Users\Jay\Documents\Github\HarvestEye\openMVG\src\software\SfM\export\main_openMVG2openMVS.cpp">
      <Filter>Source Files</Filter>
    </ClCompile>
  </ItemGroup>
  <ItemGroup>
    <CustomBuild Include="C:\Users\Jay\Documents\Github\HarvestEye\openMVG\src\software\SfM\export\CMakeLists.txt" />
  </ItemGroup>
  <ItemGroup>
    <Filter Include="Source Files">
      <UniqueIdentifier>{DF0C22B8-62EA-3379-B4EE-2759DDDDE2BB}</UniqueIdentifier>
    </Filter>
  </ItemGroup>
</Project>
